// !$*UTF8*$!
{
	archiveVersion = 1;
	classes = {
	};
	objectVersion = 50;
	objects = {

/* Begin PBXBuildFile section */
		EBE1B231255FAD850024E78A /* AppDelegate.swift in Sources */ = {isa = PBXBuildFile; fileRef = EBE1B230255FAD850024E78A /* AppDelegate.swift */; };
		EBE1B233255FAD850024E78A /* SceneDelegate.swift in Sources */ = {isa = PBXBuildFile; fileRef = EBE1B232255FAD850024E78A /* SceneDelegate.swift */; };
		EBE1B235255FAD850024E78A /* ViewController.swift in Sources */ = {isa = PBXBuildFile; fileRef = EBE1B234255FAD850024E78A /* ViewController.swift */; };
		EBE1B238255FAD850024E78A /* Main.storyboard in Resources */ = {isa = PBXBuildFile; fileRef = EBE1B236255FAD850024E78A /* Main.storyboard */; };
		EBE1B23A255FAD8B0024E78A /* Assets.xcassets in Resources */ = {isa = PBXBuildFile; fileRef = EBE1B239255FAD8B0024E78A /* Assets.xcassets */; };
		EBE1B23D255FAD8B0024E78A /* LaunchScreen.storyboard in Resources */ = {isa = PBXBuildFile; fileRef = EBE1B23B255FAD8B0024E78A /* LaunchScreen.storyboard */; };
		EBE1B248255FAD8B0024E78A /* Team_info_ebookTests.swift in Sources */ = {isa = PBXBuildFile; fileRef = EBE1B247255FAD8B0024E78A /* Team_info_ebookTests.swift */; };
		EBE1B253255FAD8B0024E78A /* Team_info_ebookUITests.swift in Sources */ = {isa = PBXBuildFile; fileRef = EBE1B252255FAD8B0024E78A /* Team_info_ebookUITests.swift */; };
/* End PBXBuildFile section */

/* Begin PBXContainerItemProxy section */
		EBE1B244255FAD8B0024E78A /* PBXContainerItemProxy */ = {
			isa = PBXContainerItemProxy;
			containerPortal = EBE1B225255FAD850024E78A /* Project object */;
			proxyType = 1;
			remoteGlobalIDString = EBE1B22C255FAD850024E78A;
			remoteInfo = "Team-info-ebook";
		};
		EBE1B24F255FAD8B0024E78A /* PBXContainerItemProxy */ = {
			isa = PBXContainerItemProxy;
			containerPortal = EBE1B225255FAD850024E78A /* Project object */;
			proxyType = 1;
			remoteGlobalIDString = EBE1B22C255FAD850024E78A;
			remoteInfo = "Team-info-ebook";
		};
/* End PBXContainerItemProxy section */

/* Begin PBXFileReference section */
		EBE1B22D255FAD850024E78A /* Team-info-ebook.app */ = {isa = PBXFileReference; explicitFileType = wrapper.application; includeInIndex = 0; path = "Team-info-ebook.app"; sourceTree = BUILT_PRODUCTS_DIR; };
		EBE1B230255FAD850024E78A /* AppDelegate.swift */ = {isa = PBXFileReference; lastKnownFileType = sourcecode.swift; path = AppDelegate.swift; sourceTree = "<group>"; };
		EBE1B232255FAD850024E78A /* SceneDelegate.swift */ = {isa = PBXFileReference; lastKnownFileType = sourcecode.swift; path = SceneDelegate.swift; sourceTree = "<group>"; };
		EBE1B234255FAD850024E78A /* ViewController.swift */ = {isa = PBXFileReference; lastKnownFileType = sourcecode.swift; path = ViewController.swift; sourceTree = "<group>"; };
		EBE1B237255FAD850024E78A /* Base */ = {isa = PBXFileReference; lastKnownFileType = file.storyboard; name = Base; path = Base.lproj/Main.storyboard; sourceTree = "<group>"; };
		EBE1B239255FAD8B0024E78A /* Assets.xcassets */ = {isa = PBXFileReference; lastKnownFileType = folder.assetcatalog; path = Assets.xcassets; sourceTree = "<group>"; };
		EBE1B23C255FAD8B0024E78A /* Base */ = {isa = PBXFileReference; lastKnownFileType = file.storyboard; name = Base; path = Base.lproj/LaunchScreen.storyboard; sourceTree = "<group>"; };
		EBE1B23E255FAD8B0024E78A /* Info.plist */ = {isa = PBXFileReference; lastKnownFileType = text.plist.xml; path = Info.plist; sourceTree = "<group>"; };
		EBE1B243255FAD8B0024E78A /* Team-info-ebookTests.xctest */ = {isa = PBXFileReference; explicitFileType = wrapper.cfbundle; includeInIndex = 0; path = "Team-info-ebookTests.xctest"; sourceTree = BUILT_PRODUCTS_DIR; };
		EBE1B247255FAD8B0024E78A /* Team_info_ebookTests.swift */ = {isa = PBXFileReference; lastKnownFileType = sourcecode.swift; path = Team_info_ebookTests.swift; sourceTree = "<group>"; };
		EBE1B249255FAD8B0024E78A /* Info.plist */ = {isa = PBXFileReference; lastKnownFileType = text.plist.xml; path = Info.plist; sourceTree = "<group>"; };
		EBE1B24E255FAD8B0024E78A /* Team-info-ebookUITests.xctest */ = {isa = PBXFileReference; explicitFileType = wrapper.cfbundle; includeInIndex = 0; path = "Team-info-ebookUITests.xctest"; sourceTree = BUILT_PRODUCTS_DIR; };
		EBE1B252255FAD8B0024E78A /* Team_info_ebookUITests.swift */ = {isa = PBXFileReference; lastKnownFileType = sourcecode.swift; path = Team_info_ebookUITests.swift; sourceTree = "<group>"; };
		EBE1B254255FAD8B0024E78A /* Info.plist */ = {isa = PBXFileReference; lastKnownFileType = text.plist.xml; path = Info.plist; sourceTree = "<group>"; };
/* End PBXFileReference section */

/* Begin PBXFrameworksBuildPhase section */
		EBE1B22A255FAD850024E78A /* Frameworks */ = {
			isa = PBXFrameworksBuildPhase;
			buildActionMask = 2147483647;
			files = (
			);
			runOnlyForDeploymentPostprocessing = 0;
		};
		EBE1B240255FAD8B0024E78A /* Frameworks */ = {
			isa = PBXFrameworksBuildPhase;
			buildActionMask = 2147483647;
			files = (
			);
			runOnlyForDeploymentPostprocessing = 0;
		};
		EBE1B24B255FAD8B0024E78A /* Frameworks */ = {
			isa = PBXFrameworksBuildPhase;
			buildActionMask = 2147483647;
			files = (
			);
			runOnlyForDeploymentPostprocessing = 0;
		};
/* End PBXFrameworksBuildPhase section */

/* Begin PBXGroup section */
		EBE1B224255FAD850024E78A = {
			isa = PBXGroup;
			children = (
				EBE1B22F255FAD850024E78A /* Team-info-ebook */,
				EBE1B246255FAD8B0024E78A /* Team-info-ebookTests */,
				EBE1B251255FAD8B0024E78A /* Team-info-ebookUITests */,
				EBE1B22E255FAD850024E78A /* Products */,
			);
			sourceTree = "<group>";
		};
		EBE1B22E255FAD850024E78A /* Products */ = {
			isa = PBXGroup;
			children = (
				EBE1B22D255FAD850024E78A /* Team-info-ebook.app */,
				EBE1B243255FAD8B0024E78A /* Team-info-ebookTests.xctest */,
				EBE1B24E255FAD8B0024E78A /* Team-info-ebookUITests.xctest */,
			);
			name = Products;
			sourceTree = "<group>";
		};
		EBE1B22F255FAD850024E78A /* Team-info-ebook */ = {
			isa = PBXGroup;
			children = (
				EBE1B230255FAD850024E78A /* AppDelegate.swift */,
				EBE1B232255FAD850024E78A /* SceneDelegate.swift */,
				EBE1B234255FAD850024E78A /* ViewController.swift */,
				EBE1B236255FAD850024E78A /* Main.storyboard */,
				EBE1B239255FAD8B0024E78A /* Assets.xcassets */,
				EBE1B23B255FAD8B0024E78A /* LaunchScreen.storyboard */,
				EBE1B23E255FAD8B0024E78A /* Info.plist */,
			);
			path = "Team-info-ebook";
			sourceTree = "<group>";
		};
		EBE1B246255FAD8B0024E78A /* Team-info-ebookTests */ = {
			isa = PBXGroup;
			children = (
				EBE1B247255FAD8B0024E78A /* Team_info_ebookTests.swift */,
				EBE1B249255FAD8B0024E78A /* Info.plist */,
			);
			path = "Team-info-ebookTests";
			sourceTree = "<group>";
		};
		EBE1B251255FAD8B0024E78A /* Team-info-ebookUITests */ = {
			isa = PBXGroup;
			children = (
				EBE1B252255FAD8B0024E78A /* Team_info_ebookUITests.swift */,
				EBE1B254255FAD8B0024E78A /* Info.plist */,
			);
			path = "Team-info-ebookUITests";
			sourceTree = "<group>";
		};
/* End PBXGroup section */

/* Begin PBXNativeTarget section */
		EBE1B22C255FAD850024E78A /* Team-info-ebook */ = {
			isa = PBXNativeTarget;
			buildConfigurationList = EBE1B257255FAD8B0024E78A /* Build configuration list for PBXNativeTarget "Team-info-ebook" */;
			buildPhases = (
				EBE1B229255FAD850024E78A /* Sources */,
				EBE1B22A255FAD850024E78A /* Frameworks */,
				EBE1B22B255FAD850024E78A /* Resources */,
			);
			buildRules = (
			);
			dependencies = (
			);
			name = "Team-info-ebook";
			productName = "Team-info-ebook";
			productReference = EBE1B22D255FAD850024E78A /* Team-info-ebook.app */;
			productType = "com.apple.product-type.application";
		};
		EBE1B242255FAD8B0024E78A /* Team-info-ebookTests */ = {
			isa = PBXNativeTarget;
			buildConfigurationList = EBE1B25A255FAD8B0024E78A /* Build configuration list for PBXNativeTarget "Team-info-ebookTests" */;
			buildPhases = (
				5BB8097E9CAD01A28817DA3C /* [CP] Check Pods Manifest.lock */,
				EBE1B23F255FAD8B0024E78A /* Sources */,
				EBE1B240255FAD8B0024E78A /* Frameworks */,
				EBE1B241255FAD8B0024E78A /* Resources */,
			);
			buildRules = (
			);
			dependencies = (
				EBE1B245255FAD8B0024E78A /* PBXTargetDependency */,
			);
			name = "Team-info-ebookTests";
			productName = "Team-info-ebookTests";
			productReference = EBE1B243255FAD8B0024E78A /* Team-info-ebookTests.xctest */;
			productType = "com.apple.product-type.bundle.unit-test";
		};
		EBE1B24D255FAD8B0024E78A /* Team-info-ebookUITests */ = {
			isa = PBXNativeTarget;
			buildConfigurationList = EBE1B25D255FAD8B0024E78A /* Build configuration list for PBXNativeTarget "Team-info-ebookUITests" */;
			buildPhases = (
				2C2A870278F975FDF299A77E /* [CP] Check Pods Manifest.lock */,
				EBE1B24A255FAD8B0024E78A /* Sources */,
				EBE1B24B255FAD8B0024E78A /* Frameworks */,
				EBE1B24C255FAD8B0024E78A /* Resources */,
			);
			buildRules = (
			);
			dependencies = (
				EBE1B250255FAD8B0024E78A /* PBXTargetDependency */,
			);
			name = "Team-info-ebookUITests";
			productName = "Team-info-ebookUITests";
			productReference = EBE1B24E255FAD8B0024E78A /* Team-info-ebookUITests.xctest */;
			productType = "com.apple.product-type.bundle.ui-testing";
		};
/* End PBXNativeTarget section */

/* Begin PBXProject section */
		EBE1B225255FAD850024E78A /* Project object */ = {
			isa = PBXProject;
			attributes = {
				LastSwiftUpdateCheck = 1210;
				LastUpgradeCheck = 1210;
				TargetAttributes = {
					EBE1B22C255FAD850024E78A = {
						CreatedOnToolsVersion = 12.1;
					};
					EBE1B242255FAD8B0024E78A = {
						CreatedOnToolsVersion = 12.1;
						TestTargetID = EBE1B22C255FAD850024E78A;
					};
					EBE1B24D255FAD8B0024E78A = {
						CreatedOnToolsVersion = 12.1;
						TestTargetID = EBE1B22C255FAD850024E78A;
					};
				};
			};
			buildConfigurationList = EBE1B228255FAD850024E78A /* Build configuration list for PBXProject "Team-info-ebook" */;
			compatibilityVersion = "Xcode 9.3";
			developmentRegion = en;
			hasScannedForEncodings = 0;
			knownRegions = (
				en,
				Base,
			);
			mainGroup = EBE1B224255FAD850024E78A;
			productRefGroup = EBE1B22E255FAD850024E78A /* Products */;
			projectDirPath = "";
			projectRoot = "";
			targets = (
				EBE1B22C255FAD850024E78A /* Team-info-ebook */,
				EBE1B242255FAD8B0024E78A /* Team-info-ebookTests */,
				EBE1B24D255FAD8B0024E78A /* Team-info-ebookUITests */,
			);
		};
/* End PBXProject section */

/* Begin PBXResourcesBuildPhase section */
		EBE1B22B255FAD850024E78A /* Resources */ = {
			isa = PBXResourcesBuildPhase;
			buildActionMask = 2147483647;
			files = (
				EBE1B23D255FAD8B0024E78A /* LaunchScreen.storyboard in Resources */,
				EBE1B23A255FAD8B0024E78A /* Assets.xcassets in Resources */,
				EBE1B238255FAD850024E78A /* Main.storyboard in Resources */,
			);
			runOnlyForDeploymentPostprocessing = 0;
		};
		EBE1B241255FAD8B0024E78A /* Resources */ = {
			isa = PBXResourcesBuildPhase;
			buildActionMask = 2147483647;
			files = (
			);
			runOnlyForDeploymentPostprocessing = 0;
		};
		EBE1B24C255FAD8B0024E78A /* Resources */ = {
			isa = PBXResourcesBuildPhase;
			buildActionMask = 2147483647;
			files = (
			);
			runOnlyForDeploymentPostprocessing = 0;
		};
/* End PBXResourcesBuildPhase section */

/* Begin PBXShellScriptBuildPhase section */
		2C2A870278F975FDF299A77E /* [CP] Check Pods Manifest.lock */ = {
			isa = PBXShellScriptBuildPhase;
			buildActionMask = 2147483647;
			files = (
			);
			inputFileListPaths = (
			);
			inputPaths = (
				"${PODS_PODFILE_DIR_PATH}/Podfile.lock",
				"${PODS_ROOT}/Manifest.lock",
			);
			name = "[CP] Check Pods Manifest.lock";
			outputFileListPaths = (
			);
			outputPaths = (
				"$(DERIVED_FILE_DIR)/Pods-Team-info-ebook-Team-info-ebookUITests-checkManifestLockResult.txt",
			);
			runOnlyForDeploymentPostprocessing = 0;
			shellPath = /bin/sh;
			shellScript = "diff \"${PODS_PODFILE_DIR_PATH}/Podfile.lock\" \"${PODS_ROOT}/Manifest.lock\" > /dev/null\nif [ $? != 0 ] ; then\n    # print error to STDERR\n    echo \"error: The sandbox is not in sync with the Podfile.lock. Run 'pod install' or update your CocoaPods installation.\" >&2\n    exit 1\nfi\n# This output is used by Xcode 'outputs' to avoid re-running this script phase.\necho \"SUCCESS\" > \"${SCRIPT_OUTPUT_FILE_0}\"\n";
			showEnvVarsInLog = 0;
		};
		5BB8097E9CAD01A28817DA3C /* [CP] Check Pods Manifest.lock */ = {
			isa = PBXShellScriptBuildPhase;
			buildActionMask = 2147483647;
			files = (
			);
			inputFileListPaths = (
			);
			inputPaths = (
				"${PODS_PODFILE_DIR_PATH}/Podfile.lock",
				"${PODS_ROOT}/Manifest.lock",
			);
			name = "[CP] Check Pods Manifest.lock";
			outputFileListPaths = (
			);
			outputPaths = (
				"$(DERIVED_FILE_DIR)/Pods-Team-info-ebookTests-checkManifestLockResult.txt",
			);
			runOnlyForDeploymentPostprocessing = 0;
			shellPath = /bin/sh;
			shellScript = "diff \"${PODS_PODFILE_DIR_PATH}/Podfile.lock\" \"${PODS_ROOT}/Manifest.lock\" > /dev/null\nif [ $? != 0 ] ; then\n    # print error to STDERR\n    echo \"error: The sandbox is not in sync with the Podfile.lock. Run 'pod install' or update your CocoaPods installation.\" >&2\n    exit 1\nfi\n# This output is used by Xcode 'outputs' to avoid re-running this script phase.\necho \"SUCCESS\" > \"${SCRIPT_OUTPUT_FILE_0}\"\n";
			showEnvVarsInLog = 0;
		};
/* End PBXShellScriptBuildPhase section */

/* Begin PBXSourcesBuildPhase section */
		EBE1B229255FAD850024E78A /* Sources */ = {
			isa = PBXSourcesBuildPhase;
			buildActionMask = 2147483647;
			files = (
				EBE1B235255FAD850024E78A /* ViewController.swift in Sources */,
				EBE1B231255FAD850024E78A /* AppDelegate.swift in Sources */,
				EBE1B233255FAD850024E78A /* SceneDelegate.swift in Sources */,
			);
			runOnlyForDeploymentPostprocessing = 0;
		};
		EBE1B23F255FAD8B0024E78A /* Sources */ = {
			isa = PBXSourcesBuildPhase;
			buildActionMask = 2147483647;
			files = (
				EBE1B248255FAD8B0024E78A /* Team_info_ebookTests.swift in Sources */,
			);
			runOnlyForDeploymentPostprocessing = 0;
		};
		EBE1B24A255FAD8B0024E78A /* Sources */ = {
			isa = PBXSourcesBuildPhase;
			buildActionMask = 2147483647;
			files = (
				EBE1B253255FAD8B0024E78A /* Team_info_ebookUITests.swift in Sources */,
			);
			runOnlyForDeploymentPostprocessing = 0;
		};
/* End PBXSourcesBuildPhase section */

/* Begin PBXTargetDependency section */
		EBE1B245255FAD8B0024E78A /* PBXTargetDependency */ = {
			isa = PBXTargetDependency;
			target = EBE1B22C255FAD850024E78A /* Team-info-ebook */;
			targetProxy = EBE1B244255FAD8B0024E78A /* PBXContainerItemProxy */;
		};
		EBE1B250255FAD8B0024E78A /* PBXTargetDependency */ = {
			isa = PBXTargetDependency;
			target = EBE1B22C255FAD850024E78A /* Team-info-ebook */;
			targetProxy = EBE1B24F255FAD8B0024E78A /* PBXContainerItemProxy */;
		};
/* End PBXTargetDependency section */

/* Begin PBXVariantGroup section */
		EBE1B236255FAD850024E78A /* Main.storyboard */ = {
			isa = PBXVariantGroup;
			children = (
				EBE1B237255FAD850024E78A /* Base */,
			);
			name = Main.storyboard;
			sourceTree = "<group>";
		};
		EBE1B23B255FAD8B0024E78A /* LaunchScreen.storyboard */ = {
			isa = PBXVariantGroup;
			children = (
				EBE1B23C255FAD8B0024E78A /* Base */,
			);
			name = LaunchScreen.storyboard;
			sourceTree = "<group>";
		};
/* End PBXVariantGroup section */

/* Begin XCBuildConfiguration section */
		EBE1B255255FAD8B0024E78A /* Debug */ = {
			isa = XCBuildConfiguration;
			buildSettings = {
				ALWAYS_SEARCH_USER_PATHS = NO;
				CLANG_ANALYZER_NONNULL = YES;
				CLANG_ANALYZER_NUMBER_OBJECT_CONVERSION = YES_AGGRESSIVE;
				CLANG_CXX_LANGUAGE_STANDARD = "gnu++14";
				CLANG_CXX_LIBRARY = "libc++";
				CLANG_ENABLE_MODULES = YES;
				CLANG_ENABLE_OBJC_ARC = YES;
				CLANG_ENABLE_OBJC_WEAK = YES;
				CLANG_WARN_BLOCK_CAPTURE_AUTORELEASING = YES;
				CLANG_WARN_BOOL_CONVERSION = YES;
				CLANG_WARN_COMMA = YES;
				CLANG_WARN_CONSTANT_CONVERSION = YES;
				CLANG_WARN_DEPRECATED_OBJC_IMPLEMENTATIONS = YES;
				CLANG_WARN_DIRECT_OBJC_ISA_USAGE = YES_ERROR;
				CLANG_WARN_DOCUMENTATION_COMMENTS = YES;
				CLANG_WARN_EMPTY_BODY = YES;
				CLANG_WARN_ENUM_CONVERSION = YES;
				CLANG_WARN_INFINITE_RECURSION = YES;
				CLANG_WARN_INT_CONVERSION = YES;
				CLANG_WARN_NON_LITERAL_NULL_CONVERSION = YES;
				CLANG_WARN_OBJC_IMPLICIT_RETAIN_SELF = YES;
				CLANG_WARN_OBJC_LITERAL_CONVERSION = YES;
				CLANG_WARN_OBJC_ROOT_CLASS = YES_ERROR;
				CLANG_WARN_QUOTED_INCLUDE_IN_FRAMEWORK_HEADER = YES;
				CLANG_WARN_RANGE_LOOP_ANALYSIS = YES;
				CLANG_WARN_STRICT_PROTOTYPES = YES;
				CLANG_WARN_SUSPICIOUS_MOVE = YES;
				CLANG_WARN_UNGUARDED_AVAILABILITY = YES_AGGRESSIVE;
				CLANG_WARN_UNREACHABLE_CODE = YES;
				CLANG_WARN__DUPLICATE_METHOD_MATCH = YES;
				COPY_PHASE_STRIP = NO;
				DEBUG_INFORMATION_FORMAT = dwarf;
				ENABLE_STRICT_OBJC_MSGSEND = YES;
				ENABLE_TESTABILITY = YES;
				GCC_C_LANGUAGE_STANDARD = gnu11;
				GCC_DYNAMIC_NO_PIC = NO;
				GCC_NO_COMMON_BLOCKS = YES;
				GCC_OPTIMIZATION_LEVEL = 0;
				GCC_PREPROCESSOR_DEFINITIONS = (
					"DEBUG=1",
					"$(inherited)",
				);
				GCC_WARN_64_TO_32_BIT_CONVERSION = YES;
				GCC_WARN_ABOUT_RETURN_TYPE = YES_ERROR;
				GCC_WARN_UNDECLARED_SELECTOR = YES;
				GCC_WARN_UNINITIALIZED_AUTOS = YES_AGGRESSIVE;
				GCC_WARN_UNUSED_FUNCTION = YES;
				GCC_WARN_UNUSED_VARIABLE = YES;
				IPHONEOS_DEPLOYMENT_TARGET = 14.1;
				MTL_ENABLE_DEBUG_INFO = INCLUDE_SOURCE;
				MTL_FAST_MATH = YES;
				ONLY_ACTIVE_ARCH = YES;
				SDKROOT = iphoneos;
				SWIFT_ACTIVE_COMPILATION_CONDITIONS = DEBUG;
				SWIFT_OPTIMIZATION_LEVEL = "-Onone";
			};
			name = Debug;
		};
		EBE1B256255FAD8B0024E78A /* Release */ = {
			isa = XCBuildConfiguration;
			buildSettings = {
				ALWAYS_SEARCH_USER_PATHS = NO;
				CLANG_ANALYZER_NONNULL = YES;
				CLANG_ANALYZER_NUMBER_OBJECT_CONVERSION = YES_AGGRESSIVE;
				CLANG_CXX_LANGUAGE_STANDARD = "gnu++14";
				CLANG_CXX_LIBRARY = "libc++";
				CLANG_ENABLE_MODULES = YES;
				CLANG_ENABLE_OBJC_ARC = YES;
				CLANG_ENABLE_OBJC_WEAK = YES;
				CLANG_WARN_BLOCK_CAPTURE_AUTORELEASING = YES;
				CLANG_WARN_BOOL_CONVERSION = YES;
				CLANG_WARN_COMMA = YES;
				CLANG_WARN_CONSTANT_CONVERSION = YES;
				CLANG_WARN_DEPRECATED_OBJC_IMPLEMENTATIONS = YES;
				CLANG_WARN_DIRECT_OBJC_ISA_USAGE = YES_ERROR;
				CLANG_WARN_DOCUMENTATION_COMMENTS = YES;
				CLANG_WARN_EMPTY_BODY = YES;
				CLANG_WARN_ENUM_CONVERSION = YES;
				CLANG_WARN_INFINITE_RECURSION = YES;
				CLANG_WARN_INT_CONVERSION = YES;
				CLANG_WARN_NON_LITERAL_NULL_CONVERSION = YES;
				CLANG_WARN_OBJC_IMPLICIT_RETAIN_SELF = YES;
				CLANG_WARN_OBJC_LITERAL_CONVERSION = YES;
				CLANG_WARN_OBJC_ROOT_CLASS = YES_ERROR;
				CLANG_WARN_QUOTED_INCLUDE_IN_FRAMEWORK_HEADER = YES;
				CLANG_WARN_RANGE_LOOP_ANALYSIS = YES;
				CLANG_WARN_STRICT_PROTOTYPES = YES;
				CLANG_WARN_SUSPICIOUS_MOVE = YES;
				CLANG_WARN_UNGUARDED_AVAILABILITY = YES_AGGRESSIVE;
				CLANG_WARN_UNREACHABLE_CODE = YES;
				CLANG_WARN__DUPLICATE_METHOD_MATCH = YES;
				COPY_PHASE_STRIP = NO;
				DEBUG_INFORMATION_FORMAT = "dwarf-with-dsym";
				ENABLE_NS_ASSERTIONS = NO;
				ENABLE_STRICT_OBJC_MSGSEND = YES;
				GCC_C_LANGUAGE_STANDARD = gnu11;
				GCC_NO_COMMON_BLOCKS = YES;
				GCC_WARN_64_TO_32_BIT_CONVERSION = YES;
				GCC_WARN_ABOUT_RETURN_TYPE = YES_ERROR;
				GCC_WARN_UNDECLARED_SELECTOR = YES;
				GCC_WARN_UNINITIALIZED_AUTOS = YES_AGGRESSIVE;
				GCC_WARN_UNUSED_FUNCTION = YES;
				GCC_WARN_UNUSED_VARIABLE = YES;
				IPHONEOS_DEPLOYMENT_TARGET = 14.1;
				MTL_ENABLE_DEBUG_INFO = NO;
				MTL_FAST_MATH = YES;
				SDKROOT = iphoneos;
				SWIFT_COMPILATION_MODE = wholemodule;
				SWIFT_OPTIMIZATION_LEVEL = "-O";
				VALIDATE_PRODUCT = YES;
			};
			name = Release;
		};
		EBE1B258255FAD8B0024E78A /* Debug */ = {
			isa = XCBuildConfiguration;
			buildSettings = {
				ASSETCATALOG_COMPILER_APPICON_NAME = AppIcon;
				ASSETCATALOG_COMPILER_GLOBAL_ACCENT_COLOR_NAME = AccentColor;
				CODE_SIGN_STYLE = Automatic;
				INFOPLIST_FILE = "Team-info-ebook/Info.plist";
				LD_RUNPATH_SEARCH_PATHS = (
					"$(inherited)",
					"@executable_path/Frameworks",
				);
				PRODUCT_BUNDLE_IDENTIFIER = "com.leokuo0724.Team-info-ebook";
				PRODUCT_NAME = "$(TARGET_NAME)";
				SWIFT_VERSION = 5.0;
				TARGETED_DEVICE_FAMILY = "1,2";
			};
			name = Debug;
		};
		EBE1B259255FAD8B0024E78A /* Release */ = {
			isa = XCBuildConfiguration;
			buildSettings = {
				ASSETCATALOG_COMPILER_APPICON_NAME = AppIcon;
				ASSETCATALOG_COMPILER_GLOBAL_ACCENT_COLOR_NAME = AccentColor;
				CODE_SIGN_STYLE = Automatic;
				INFOPLIST_FILE = "Team-info-ebook/Info.plist";
				LD_RUNPATH_SEARCH_PATHS = (
					"$(inherited)",
					"@executable_path/Frameworks",
				);
				PRODUCT_BUNDLE_IDENTIFIER = "com.leokuo0724.Team-info-ebook";
				PRODUCT_NAME = "$(TARGET_NAME)";
				SWIFT_VERSION = 5.0;
				TARGETED_DEVICE_FAMILY = "1,2";
			};
			name = Release;
		};
		EBE1B25B255FAD8B0024E78A /* Debug */ = {
			isa = XCBuildConfiguration;
			buildSettings = {
				ALWAYS_EMBED_SWIFT_STANDARD_LIBRARIES = YES;
				BUNDLE_LOADER = "$(TEST_HOST)";
				CODE_SIGN_STYLE = Automatic;
				INFOPLIST_FILE = "Team-info-ebookTests/Info.plist";
				IPHONEOS_DEPLOYMENT_TARGET = 14.1;
				LD_RUNPATH_SEARCH_PATHS = (
					"$(inherited)",
					"@executable_path/Frameworks",
					"@loader_path/Frameworks",
				);
				PRODUCT_BUNDLE_IDENTIFIER = "com.leokuo0724.Team-info-ebookTests";
				PRODUCT_NAME = "$(TARGET_NAME)";
				SWIFT_VERSION = 5.0;
				TARGETED_DEVICE_FAMILY = "1,2";
				TEST_HOST = "$(BUILT_PRODUCTS_DIR)/Team-info-ebook.app/Team-info-ebook";
			};
			name = Debug;
		};
		EBE1B25C255FAD8B0024E78A /* Release */ = {
			isa = XCBuildConfiguration;
			buildSettings = {
				ALWAYS_EMBED_SWIFT_STANDARD_LIBRARIES = YES;
				BUNDLE_LOADER = "$(TEST_HOST)";
				CODE_SIGN_STYLE = Automatic;
				INFOPLIST_FILE = "Team-info-ebookTests/Info.plist";
				IPHONEOS_DEPLOYMENT_TARGET = 14.1;
				LD_RUNPATH_SEARCH_PATHS = (
					"$(inherited)",
					"@executable_path/Frameworks",
					"@loader_path/Frameworks",
				);
				PRODUCT_BUNDLE_IDENTIFIER = "com.leokuo0724.Team-info-ebookTests";
				PRODUCT_NAME = "$(TARGET_NAME)";
				SWIFT_VERSION = 5.0;
				TARGETED_DEVICE_FAMILY = "1,2";
				TEST_HOST = "$(BUILT_PRODUCTS_DIR)/Team-info-ebook.app/Team-info-ebook";
			};
			name = Release;
		};
		EBE1B25E255FAD8B0024E78A /* Debug */ = {
			isa = XCBuildConfiguration;
			buildSettings = {
				ALWAYS_EMBED_SWIFT_STANDARD_LIBRARIES = YES;
				CODE_SIGN_STYLE = Automatic;
				INFOPLIST_FILE = "Team-info-ebookUITests/Info.plist";
				LD_RUNPATH_SEARCH_PATHS = (
					"$(inherited)",
					"@executable_path/Frameworks",
					"@loader_path/Frameworks",
				);
				PRODUCT_BUNDLE_IDENTIFIER = "com.leokuo0724.Team-info-ebookUITests";
				PRODUCT_NAME = "$(TARGET_NAME)";
				SWIFT_VERSION = 5.0;
				TARGETED_DEVICE_FAMILY = "1,2";
				TEST_TARGET_NAME = "Team-info-ebook";
			};
			name = Debug;
		};
		EBE1B25F255FAD8B0024E78A /* Release */ = {
			isa = XCBuildConfiguration;
			buildSettings = {
				ALWAYS_EMBED_SWIFT_STANDARD_LIBRARIES = YES;
				CODE_SIGN_STYLE = Automatic;
				INFOPLIST_FILE = "Team-info-ebookUITests/Info.plist";
				LD_RUNPATH_SEARCH_PATHS = (
					"$(inherited)",
					"@executable_path/Frameworks",
					"@loader_path/Frameworks",
				);
				PRODUCT_BUNDLE_IDENTIFIER = "com.leokuo0724.Team-info-ebookUITests";
				PRODUCT_NAME = "$(TARGET_NAME)";
				SWIFT_VERSION = 5.0;
				TARGETED_DEVICE_FAMILY = "1,2";
				TEST_TARGET_NAME = "Team-info-ebook";
			};
			name = Release;
		};
/* End XCBuildConfiguration section */

/* Begin XCConfigurationList section */
		EBE1B228255FAD850024E78A /* Build configuration list for PBXProject "Team-info-ebook" */ = {
			isa = XCConfigurationList;
			buildConfigurations = (
				EBE1B255255FAD8B0024E78A /* Debug */,
				EBE1B256255FAD8B0024E78A /* Release */,
			);
			defaultConfigurationIsVisible = 0;
			defaultConfigurationName = Release;
		};
		EBE1B257255FAD8B0024E78A /* Build configuration list for PBXNativeTarget "Team-info-ebook" */ = {
			isa = XCConfigurationList;
			buildConfigurations = (
				EBE1B258255FAD8B0024E78A /* Debug */,
				EBE1B259255FAD8B0024E78A /* Release */,
			);
			defaultConfigurationIsVisible = 0;
			defaultConfigurationName = Release;
		};
		EBE1B25A255FAD8B0024E78A /* Build configuration list for PBXNativeTarget "Team-info-ebookTests" */ = {
			isa = XCConfigurationList;
			buildConfigurations = (
				EBE1B25B255FAD8B0024E78A /* Debug */,
				EBE1B25C255FAD8B0024E78A /* Release */,
			);
			defaultConfigurationIsVisible = 0;
			defaultConfigurationName = Release;
		};
		EBE1B25D255FAD8B0024E78A /* Build configuration list for PBXNativeTarget "Team-info-ebookUITests" */ = {
			isa = XCConfigurationList;
			buildConfigurations = (
				EBE1B25E255FAD8B0024E78A /* Debug */,
				EBE1B25F255FAD8B0024E78A /* Release */,
			);
			defaultConfigurationIsVisible = 0;
			defaultConfigurationName = Release;
		};
/* End XCConfigurationList section */
	};
	rootObject = EBE1B225255FAD850024E78A /* Project object */;
}
